
Microsoft Visual Studio Solution File, Format Version 12.00
# Visual Studio Version 17
VisualStudioVersion = 17.10.34928.147
MinimumVisualStudioVersion = 10.0.40219.1
Project("{2150E333-8FDC-42A3-9474-1A3956D46DE8}") = "Lib", "Lib", "{218D71E2-3402-44A5-A1B0-87E354623BC1}"
EndProject
Project("{9A19103F-16F7-4668-BE54-9A1E7A4F7556}") = "Morris.Roslynject", "Lib\Morris.Roslynject\Morris.Roslynject.csproj", "{ED22EDA0-4D55-4571-9AF2-2413A1084DA5}"
EndProject
Project("{2150E333-8FDC-42A3-9474-1A3956D46DE8}") = "Solution Items", "Solution Items", "{E3BF3370-084D-4FA0-8C05-6D9CCBACE316}"
	ProjectSection(SolutionItems) = preProject
		..\README.md = ..\README.md
	EndProjectSection
EndProject
Project("{2150E333-8FDC-42A3-9474-1A3956D46DE8}") = "Docs", "Docs", "{968DCD71-75C4-4A16-BD2A-3D9BE8DB053D}"
	ProjectSection(SolutionItems) = preProject
		..\Docs\Index.md = ..\Docs\Index.md
	EndProjectSection
EndProject
Project("{2150E333-8FDC-42A3-9474-1A3956D46DE8}") = "Filters", "Filters", "{B5388CB8-9570-4E70-89EC-C1B13A30F914}"
	ProjectSection(SolutionItems) = preProject
		..\Docs\Filters\RegisterClassesDescendedFrom.md = ..\Docs\Filters\RegisterClassesDescendedFrom.md
		..\Docs\Filters\RegisterClassesWithMarkerInterface.md = ..\Docs\Filters\RegisterClassesWithMarkerInterface.md
		..\Docs\Filters\RegisterInterfacesOfType.md = ..\Docs\Filters\RegisterInterfacesOfType.md
		..\Docs\Filters\RegisterInterfacesOnClassesDescendedFrom.md = ..\Docs\Filters\RegisterInterfacesOnClassesDescendedFrom.md
	EndProjectSection
EndProject
Project("{2150E333-8FDC-42A3-9474-1A3956D46DE8}") = "Tutorials", "Tutorials", "{9A2B1775-87B6-41F3-8D2E-0B705DE1F594}"
EndProject
Project("{2150E333-8FDC-42A3-9474-1A3956D46DE8}") = "01RegisterClasses", "01RegisterClasses", "{1BA5B324-B5DC-4826-B5ED-756D348C4873}"
EndProject
Project("{9A19103F-16F7-4668-BE54-9A1E7A4F7556}") = "RegisterBaseClasses", "Tutorials\01RegisterBaseClasses\RegisterBaseClasses\RegisterBaseClasses.csproj", "{A94A0935-4A21-454E-81ED-09D0BB2E0414}"
EndProject
Global
	GlobalSection(SolutionConfigurationPlatforms) = preSolution
		Debug|Any CPU = Debug|Any CPU
		Release|Any CPU = Release|Any CPU
	EndGlobalSection
	GlobalSection(ProjectConfigurationPlatforms) = postSolution
		{ED22EDA0-4D55-4571-9AF2-2413A1084DA5}.Debug|Any CPU.ActiveCfg = Debug|Any CPU
		{ED22EDA0-4D55-4571-9AF2-2413A1084DA5}.Debug|Any CPU.Build.0 = Debug|Any CPU
		{ED22EDA0-4D55-4571-9AF2-2413A1084DA5}.Release|Any CPU.ActiveCfg = Release|Any CPU
		{ED22EDA0-4D55-4571-9AF2-2413A1084DA5}.Release|Any CPU.Build.0 = Release|Any CPU
		{A94A0935-4A21-454E-81ED-09D0BB2E0414}.Debug|Any CPU.ActiveCfg = Debug|Any CPU
		{A94A0935-4A21-454E-81ED-09D0BB2E0414}.Debug|Any CPU.Build.0 = Debug|Any CPU
		{A94A0935-4A21-454E-81ED-09D0BB2E0414}.Release|Any CPU.ActiveCfg = Release|Any CPU
		{A94A0935-4A21-454E-81ED-09D0BB2E0414}.Release|Any CPU.Build.0 = Release|Any CPU
	EndGlobalSection
	GlobalSection(SolutionProperties) = preSolution
		HideSolutionNode = FALSE
	EndGlobalSection
	GlobalSection(NestedProjects) = preSolution
		{ED22EDA0-4D55-4571-9AF2-2413A1084DA5} = {218D71E2-3402-44A5-A1B0-87E354623BC1}
		{B5388CB8-9570-4E70-89EC-C1B13A30F914} = {968DCD71-75C4-4A16-BD2A-3D9BE8DB053D}
		{1BA5B324-B5DC-4826-B5ED-756D348C4873} = {9A2B1775-87B6-41F3-8D2E-0B705DE1F594}
		{A94A0935-4A21-454E-81ED-09D0BB2E0414} = {1BA5B324-B5DC-4826-B5ED-756D348C4873}
	EndGlobalSection
	GlobalSection(ExtensibilityGlobals) = postSolution
		SolutionGuid = {15447A65-7BF5-4A77-A50B-0890396CC013}
	EndGlobalSection
EndGlobal
